
Microsoft Visual Studio Solution File, Format Version 12.00
# Visual Studio 2012
Project("{FAE04EC0-301F-11D3-BF4B-00C04F79EFBC}") = "RestaurantPicker", "RestaurantPicker\RestaurantPicker.csproj", "{92516169-A507-41ED-B304-FC4FC8DC8D6D}"
EndProject
Project("{FAE04EC0-301F-11D3-BF4B-00C04F79EFBC}") = "DTO", "CIL\DTO.csproj", "{5AE181A9-03E8-428A-9B68-DEEFDDBA9BA9}"
EndProject
Project("{FAE04EC0-301F-11D3-BF4B-00C04F79EFBC}") = "DAL", "DAL\DAL.csproj", "{22A2C169-AFCB-4BEA-A380-06ED009EE85B}"
EndProject
Project("{FAE04EC0-301F-11D3-BF4B-00C04F79EFBC}") = "Tools", "Tools\Tools.csproj", "{F71E5DD9-8C64-4B89-9EF6-BC611B15D0AD}"
EndProject
Global
	GlobalSection(SolutionConfigurationPlatforms) = preSolution
		Debug|Any CPU = Debug|Any CPU
		Release|Any CPU = Release|Any CPU
	EndGlobalSection
	GlobalSection(ProjectConfigurationPlatforms) = postSolution
		{92516169-A507-41ED-B304-FC4FC8DC8D6D}.Debug|Any CPU.ActiveCfg = Debug|Any CPU
		{92516169-A507-41ED-B304-FC4FC8DC8D6D}.Debug|Any CPU.Build.0 = Debug|Any CPU
		{92516169-A507-41ED-B304-FC4FC8DC8D6D}.Release|Any CPU.ActiveCfg = Release|Any CPU
		{92516169-A507-41ED-B304-FC4FC8DC8D6D}.Release|Any CPU.Build.0 = Release|Any CPU
		{5AE181A9-03E8-428A-9B68-DEEFDDBA9BA9}.Debug|Any CPU.ActiveCfg = Debug|Any CPU
		{5AE181A9-03E8-428A-9B68-DEEFDDBA9BA9}.Debug|Any CPU.Build.0 = Debug|Any CPU
		{5AE181A9-03E8-428A-9B68-DEEFDDBA9BA9}.Release|Any CPU.ActiveCfg = Release|Any CPU
		{5AE181A9-03E8-428A-9B68-DEEFDDBA9BA9}.Release|Any CPU.Build.0 = Release|Any CPU
		{22A2C169-AFCB-4BEA-A380-06ED009EE85B}.Debug|Any CPU.ActiveCfg = Debug|Any CPU
		{22A2C169-AFCB-4BEA-A380-06ED009EE85B}.Debug|Any CPU.Build.0 = Debug|Any CPU
		{22A2C169-AFCB-4BEA-A380-06ED009EE85B}.Release|Any CPU.ActiveCfg = Release|Any CPU
		{22A2C169-AFCB-4BEA-A380-06ED009EE85B}.Release|Any CPU.Build.0 = Release|Any CPU
		{F71E5DD9-8C64-4B89-9EF6-BC611B15D0AD}.Debug|Any CPU.ActiveCfg = Debug|Any CPU
		{F71E5DD9-8C64-4B89-9EF6-BC611B15D0AD}.Debug|Any CPU.Build.0 = Debug|Any CPU
		{F71E5DD9-8C64-4B89-9EF6-BC611B15D0AD}.Release|Any CPU.ActiveCfg = Release|Any CPU
		{F71E5DD9-8C64-4B89-9EF6-BC611B15D0AD}.Release|Any CPU.Build.0 = Release|Any CPU
	EndGlobalSection
	GlobalSection(SolutionProperties) = preSolution
		HideSolutionNode = FALSE
	EndGlobalSection
EndGlobal
